
Microsoft Visual Studio Solution File, Format Version 12.00
# Visual Studio 2012
Project("{FAE04EC0-301F-11D3-BF4B-00C04F79EFBC}") = "NGnono.Tools.Excel4Co", "NGnono.Tools.Excel4Co\NGnono.Tools.Excel4Co.csproj", "{BF98F067-5CF6-4417-AB53-5C494B01D34F}"
EndProject
Project("{FAE04EC0-301F-11D3-BF4B-00C04F79EFBC}") = "NGnono.Framework", "..\NGnono.Framework\NGnono.Framework\NGnono.Framework\NGnono.Framework.csproj", "{AC5AC3E2-09F3-4682-AB40-7A70BC4430C1}"
EndProject
Project("{2150E333-8FDC-42A3-9474-1A3956D46DE8}") = "extens", "extens", "{2BB22665-83D4-4B7A-A30C-B27BE3EACF53}"
EndProject
Project("{FAE04EC0-301F-11D3-BF4B-00C04F79EFBC}") = "NGnono.Tools.Dispatcher", "NGnono.Tools.Dispatcher\NGnono.Tools.Dispatcher.csproj", "{7120F38B-DAC2-4ADB-B862-CE46C9685864}"
EndProject
Project("{FAE04EC0-301F-11D3-BF4B-00C04F79EFBC}") = "NGnono.Tools.ViewTemplate", "NGnono.Tools.ViewTemplate\NGnono.Tools.ViewTemplate.csproj", "{68A3779B-EA25-4A30-A873-4D9B94FDE912}"
EndProject
Project("{FAE04EC0-301F-11D3-BF4B-00C04F79EFBC}") = "NGnono.Tools.Scheduler", "NGnono.Tools.Scheduler\NGnono.Tools.Scheduler.csproj", "{F501E673-D7C9-4071-87D7-7D5B717B2339}"
EndProject
Project("{FAE04EC0-301F-11D3-BF4B-00C04F79EFBC}") = "NGnono.Tools.Multimedia", "NGnono.Tools.Multimedia\NGnono.Tools.Multimedia.csproj", "{2CBD9C5D-2497-4B81-BC6B-E96F53D24503}"
EndProject
Project("{FAE04EC0-301F-11D3-BF4B-00C04F79EFBC}") = "NGnono.Tools.Logging", "NGnono.Tools.Logging\NGnono.Tools.Logging.csproj", "{588FD74F-002D-4553-8C21-AA2A0CE2006E}"
EndProject
Global
	GlobalSection(SolutionConfigurationPlatforms) = preSolution
		Debug|Any CPU = Debug|Any CPU
		Release|Any CPU = Release|Any CPU
	EndGlobalSection
	GlobalSection(ProjectConfigurationPlatforms) = postSolution
		{BF98F067-5CF6-4417-AB53-5C494B01D34F}.Debug|Any CPU.ActiveCfg = Debug|Any CPU
		{BF98F067-5CF6-4417-AB53-5C494B01D34F}.Debug|Any CPU.Build.0 = Debug|Any CPU
		{BF98F067-5CF6-4417-AB53-5C494B01D34F}.Release|Any CPU.ActiveCfg = Release|Any CPU
		{BF98F067-5CF6-4417-AB53-5C494B01D34F}.Release|Any CPU.Build.0 = Release|Any CPU
		{AC5AC3E2-09F3-4682-AB40-7A70BC4430C1}.Debug|Any CPU.ActiveCfg = Debug|Any CPU
		{AC5AC3E2-09F3-4682-AB40-7A70BC4430C1}.Debug|Any CPU.Build.0 = Debug|Any CPU
		{AC5AC3E2-09F3-4682-AB40-7A70BC4430C1}.Release|Any CPU.ActiveCfg = Release|Any CPU
		{AC5AC3E2-09F3-4682-AB40-7A70BC4430C1}.Release|Any CPU.Build.0 = Release|Any CPU
		{7120F38B-DAC2-4ADB-B862-CE46C9685864}.Debug|Any CPU.ActiveCfg = Debug|Any CPU
		{7120F38B-DAC2-4ADB-B862-CE46C9685864}.Debug|Any CPU.Build.0 = Debug|Any CPU
		{7120F38B-DAC2-4ADB-B862-CE46C9685864}.Release|Any CPU.ActiveCfg = Release|Any CPU
		{7120F38B-DAC2-4ADB-B862-CE46C9685864}.Release|Any CPU.Build.0 = Release|Any CPU
		{68A3779B-EA25-4A30-A873-4D9B94FDE912}.Debug|Any CPU.ActiveCfg = Debug|Any CPU
		{68A3779B-EA25-4A30-A873-4D9B94FDE912}.Debug|Any CPU.Build.0 = Debug|Any CPU
		{68A3779B-EA25-4A30-A873-4D9B94FDE912}.Release|Any CPU.ActiveCfg = Release|Any CPU
		{68A3779B-EA25-4A30-A873-4D9B94FDE912}.Release|Any CPU.Build.0 = Release|Any CPU
		{F501E673-D7C9-4071-87D7-7D5B717B2339}.Debug|Any CPU.ActiveCfg = Debug|Any CPU
		{F501E673-D7C9-4071-87D7-7D5B717B2339}.Debug|Any CPU.Build.0 = Debug|Any CPU
		{F501E673-D7C9-4071-87D7-7D5B717B2339}.Release|Any CPU.ActiveCfg = Release|Any CPU
		{F501E673-D7C9-4071-87D7-7D5B717B2339}.Release|Any CPU.Build.0 = Release|Any CPU
		{2CBD9C5D-2497-4B81-BC6B-E96F53D24503}.Debug|Any CPU.ActiveCfg = Debug|Any CPU
		{2CBD9C5D-2497-4B81-BC6B-E96F53D24503}.Debug|Any CPU.Build.0 = Debug|Any CPU
		{2CBD9C5D-2497-4B81-BC6B-E96F53D24503}.Release|Any CPU.ActiveCfg = Release|Any CPU
		{2CBD9C5D-2497-4B81-BC6B-E96F53D24503}.Release|Any CPU.Build.0 = Release|Any CPU
		{588FD74F-002D-4553-8C21-AA2A0CE2006E}.Debug|Any CPU.ActiveCfg = Debug|Any CPU
		{588FD74F-002D-4553-8C21-AA2A0CE2006E}.Debug|Any CPU.Build.0 = Debug|Any CPU
		{588FD74F-002D-4553-8C21-AA2A0CE2006E}.Release|Any CPU.ActiveCfg = Release|Any CPU
		{588FD74F-002D-4553-8C21-AA2A0CE2006E}.Release|Any CPU.Build.0 = Release|Any CPU
	EndGlobalSection
	GlobalSection(SolutionProperties) = preSolution
		HideSolutionNode = FALSE
	EndGlobalSection
	GlobalSection(NestedProjects) = preSolution
		{AC5AC3E2-09F3-4682-AB40-7A70BC4430C1} = {2BB22665-83D4-4B7A-A30C-B27BE3EACF53}
	EndGlobalSection
EndGlobal
